
Microsoft Visual Studio Solution File, Format Version 12.00
# Visual Studio Version 16
VisualStudioVersion = 16.0.31025.194
MinimumVisualStudioVersion = 10.0.40219.1
Project("{FAE04EC0-301F-11D3-BF4B-00C04F79EFBC}") = "CSVHelperAndJson", "CSVHelperAndJson\CSVHelperAndJson.csproj", "{EB7F2774-D2E0-4033-BCDC-38B49B84D2CB}"
EndProject
Global
	GlobalSection(SolutionConfigurationPlatforms) = preSolution
		Debug|Any CPU = Debug|Any CPU
		Release|Any CPU = Release|Any CPU
	EndGlobalSection
	GlobalSection(ProjectConfigurationPlatforms) = postSolution
		{EB7F2774-D2E0-4033-BCDC-38B49B84D2CB}.Debug|Any CPU.ActiveCfg = Debug|Any CPU
		{EB7F2774-D2E0-4033-BCDC-38B49B84D2CB}.Debug|Any CPU.Build.0 = Debug|Any CPU
		{EB7F2774-D2E0-4033-BCDC-38B49B84D2CB}.Release|Any CPU.ActiveCfg = Release|Any CPU
		{EB7F2774-D2E0-4033-BCDC-38B49B84D2CB}.Release|Any CPU.Build.0 = Release|Any CPU
	EndGlobalSection
	GlobalSection(SolutionProperties) = preSolution
		HideSolutionNode = FALSE
	EndGlobalSection
	GlobalSection(ExtensibilityGlobals) = postSolution
		SolutionGuid = {210A8A21-FAEB-4271-BEC2-76D6F7C50E41}
	EndGlobalSection
EndGlobal
